
Microsoft Visual Studio Solution File, Format Version 12.00
# Visual Studio Version 17
VisualStudioVersion = 17.5.33516.290
MinimumVisualStudioVersion = 10.0.40219.1
Project("{FAE04EC0-301F-11D3-BF4B-00C04F79EFBC}") = "DummyToDo.UWP", "DummyToDo\DummyToDo.UWP\DummyToDo.UWP.csproj", "{4D548E3C-0301-4251-A8BE-7FB008FE7A78}"
EndProject
Project("{FAE04EC0-301F-11D3-BF4B-00C04F79EFBC}") = "DummyToDo.Android", "DummyToDo\DummyToDo.Android\DummyToDo.Android.csproj", "{42BA0BC0-8985-4AD7-A3AB-47BDA8ED5EBF}"
EndProject
Project("{FAE04EC0-301F-11D3-BF4B-00C04F79EFBC}") = "DummyToDo.iOS", "DummyToDo\DummyToDo.iOS\DummyToDo.iOS.csproj", "{5893AD95-8C84-4FB6-9663-52EA5769D441}"
EndProject
Project("{FAE04EC0-301F-11D3-BF4B-00C04F79EFBC}") = "DummyToDo", "DummyToDo\DummyToDo\DummyToDo.csproj", "{954983E1-7B74-471C-8E2F-8460F6F333DC}"
EndProject
Global
	GlobalSection(SolutionConfigurationPlatforms) = preSolution
		Debug|Any CPU = Debug|Any CPU
		Debug|ARM = Debug|ARM
		Debug|iPhone = Debug|iPhone
		Debug|iPhoneSimulator = Debug|iPhoneSimulator
		Debug|x64 = Debug|x64
		Debug|x86 = Debug|x86
		Release|Any CPU = Release|Any CPU
		Release|ARM = Release|ARM
		Release|iPhone = Release|iPhone
		Release|iPhoneSimulator = Release|iPhoneSimulator
		Release|x64 = Release|x64
		Release|x86 = Release|x86
	EndGlobalSection
	GlobalSection(ProjectConfigurationPlatforms) = postSolution
		{4D548E3C-0301-4251-A8BE-7FB008FE7A78}.Debug|Any CPU.ActiveCfg = Debug|x64
		{4D548E3C-0301-4251-A8BE-7FB008FE7A78}.Debug|Any CPU.Build.0 = Debug|x64
		{4D548E3C-0301-4251-A8BE-7FB008FE7A78}.Debug|Any CPU.Deploy.0 = Debug|x64
		{4D548E3C-0301-4251-A8BE-7FB008FE7A78}.Debug|ARM.ActiveCfg = Debug|ARM
		{4D548E3C-0301-4251-A8BE-7FB008FE7A78}.Debug|ARM.Build.0 = Debug|ARM
		{4D548E3C-0301-4251-A8BE-7FB008FE7A78}.Debug|ARM.Deploy.0 = Debug|ARM
		{4D548E3C-0301-4251-A8BE-7FB008FE7A78}.Debug|iPhone.ActiveCfg = Debug|x64
		{4D548E3C-0301-4251-A8BE-7FB008FE7A78}.Debug|iPhone.Build.0 = Debug|x64
		{4D548E3C-0301-4251-A8BE-7FB008FE7A78}.Debug|iPhone.Deploy.0 = Debug|x64
		{4D548E3C-0301-4251-A8BE-7FB008FE7A78}.Debug|iPhoneSimulator.ActiveCfg = Debug|x64
		{4D548E3C-0301-4251-A8BE-7FB008FE7A78}.Debug|iPhoneSimulator.Build.0 = Debug|x64
		{4D548E3C-0301-4251-A8BE-7FB008FE7A78}.Debug|iPhoneSimulator.Deploy.0 = Debug|x64
		{4D548E3C-0301-4251-A8BE-7FB008FE7A78}.Debug|x64.ActiveCfg = Debug|x64
		{4D548E3C-0301-4251-A8BE-7FB008FE7A78}.Debug|x64.Build.0 = Debug|x64
		{4D548E3C-0301-4251-A8BE-7FB008FE7A78}.Debug|x64.Deploy.0 = Debug|x64
		{4D548E3C-0301-4251-A8BE-7FB008FE7A78}.Debug|x86.ActiveCfg = Debug|x86
		{4D548E3C-0301-4251-A8BE-7FB008FE7A78}.Debug|x86.Build.0 = Debug|x86
		{4D548E3C-0301-4251-A8BE-7FB008FE7A78}.Debug|x86.Deploy.0 = Debug|x86
		{4D548E3C-0301-4251-A8BE-7FB008FE7A78}.Release|Any CPU.ActiveCfg = Release|x64
		{4D548E3C-0301-4251-A8BE-7FB008FE7A78}.Release|Any CPU.Build.0 = Release|x64
		{4D548E3C-0301-4251-A8BE-7FB008FE7A78}.Release|Any CPU.Deploy.0 = Release|x64
		{4D548E3C-0301-4251-A8BE-7FB008FE7A78}.Release|ARM.ActiveCfg = Release|ARM
		{4D548E3C-0301-4251-A8BE-7FB008FE7A78}.Release|ARM.Build.0 = Release|ARM
		{4D548E3C-0301-4251-A8BE-7FB008FE7A78}.Release|ARM.Deploy.0 = Release|ARM
		{4D548E3C-0301-4251-A8BE-7FB008FE7A78}.Release|iPhone.ActiveCfg = Release|x64
		{4D548E3C-0301-4251-A8BE-7FB008FE7A78}.Release|iPhone.Build.0 = Release|x64
		{4D548E3C-0301-4251-A8BE-7FB008FE7A78}.Release|iPhone.Deploy.0 = Release|x64
		{4D548E3C-0301-4251-A8BE-7FB008FE7A78}.Release|iPhoneSimulator.ActiveCfg = Release|x64
		{4D548E3C-0301-4251-A8BE-7FB008FE7A78}.Release|iPhoneSimulator.Build.0 = Release|x64
		{4D548E3C-0301-4251-A8BE-7FB008FE7A78}.Release|iPhoneSimulator.Deploy.0 = Release|x64
		{4D548E3C-0301-4251-A8BE-7FB008FE7A78}.Release|x64.ActiveCfg = Release|x64
		{4D548E3C-0301-4251-A8BE-7FB008FE7A78}.Release|x64.Build.0 = Release|x64
		{4D548E3C-0301-4251-A8BE-7FB008FE7A78}.Release|x64.Deploy.0 = Release|x64
		{4D548E3C-0301-4251-A8BE-7FB008FE7A78}.Release|x86.ActiveCfg = Release|x86
		{4D548E3C-0301-4251-A8BE-7FB008FE7A78}.Release|x86.Build.0 = Release|x86
		{4D548E3C-0301-4251-A8BE-7FB008FE7A78}.Release|x86.Deploy.0 = Release|x86
		{42BA0BC0-8985-4AD7-A3AB-47BDA8ED5EBF}.Debug|Any CPU.ActiveCfg = Debug|Any CPU
		{42BA0BC0-8985-4AD7-A3AB-47BDA8ED5EBF}.Debug|Any CPU.Build.0 = Debug|Any CPU
		{42BA0BC0-8985-4AD7-A3AB-47BDA8ED5EBF}.Debug|Any CPU.Deploy.0 = Debug|Any CPU
		{42BA0BC0-8985-4AD7-A3AB-47BDA8ED5EBF}.Debug|ARM.ActiveCfg = Debug|Any CPU
		{42BA0BC0-8985-4AD7-A3AB-47BDA8ED5EBF}.Debug|ARM.Build.0 = Debug|Any CPU
		{42BA0BC0-8985-4AD7-A3AB-47BDA8ED5EBF}.Debug|ARM.Deploy.0 = Debug|Any CPU
		{42BA0BC0-8985-4AD7-A3AB-47BDA8ED5EBF}.Debug|iPhone.ActiveCfg = Debug|Any CPU
		{42BA0BC0-8985-4AD7-A3AB-47BDA8ED5EBF}.Debug|iPhone.Build.0 = Debug|Any CPU
		{42BA0BC0-8985-4AD7-A3AB-47BDA8ED5EBF}.Debug|iPhone.Deploy.0 = Debug|Any CPU
		{42BA0BC0-8985-4AD7-A3AB-47BDA8ED5EBF}.Debug|iPhoneSimulator.ActiveCfg = Debug|Any CPU
		{42BA0BC0-8985-4AD7-A3AB-47BDA8ED5EBF}.Debug|iPhoneSimulator.Build.0 = Debug|Any CPU
		{42BA0BC0-8985-4AD7-A3AB-47BDA8ED5EBF}.Debug|iPhoneSimulator.Deploy.0 = Debug|Any CPU
		{42BA0BC0-8985-4AD7-A3AB-47BDA8ED5EBF}.Debug|x64.ActiveCfg = Debug|Any CPU
		{42BA0BC0-8985-4AD7-A3AB-47BDA8ED5EBF}.Debug|x64.Build.0 = Debug|Any CPU
		{42BA0BC0-8985-4AD7-A3AB-47BDA8ED5EBF}.Debug|x64.Deploy.0 = Debug|Any CPU
		{42BA0BC0-8985-4AD7-A3AB-47BDA8ED5EBF}.Debug|x86.ActiveCfg = Debug|Any CPU
		{42BA0BC0-8985-4AD7-A3AB-47BDA8ED5EBF}.Debug|x86.Build.0 = Debug|Any CPU
		{42BA0BC0-8985-4AD7-A3AB-47BDA8ED5EBF}.Debug|x86.Deploy.0 = Debug|Any CPU
		{42BA0BC0-8985-4AD7-A3AB-47BDA8ED5EBF}.Release|Any CPU.ActiveCfg = Release|Any CPU
		{42BA0BC0-8985-4AD7-A3AB-47BDA8ED5EBF}.Release|Any CPU.Build.0 = Release|Any CPU
		{42BA0BC0-8985-4AD7-A3AB-47BDA8ED5EBF}.Release|Any CPU.Deploy.0 = Release|Any CPU
		{42BA0BC0-8985-4AD7-A3AB-47BDA8ED5EBF}.Release|ARM.ActiveCfg = Release|Any CPU
		{42BA0BC0-8985-4AD7-A3AB-47BDA8ED5EBF}.Release|ARM.Build.0 = Release|Any CPU
		{42BA0BC0-8985-4AD7-A3AB-47BDA8ED5EBF}.Release|ARM.Deploy.0 = Release|Any CPU
		{42BA0BC0-8985-4AD7-A3AB-47BDA8ED5EBF}.Release|iPhone.ActiveCfg = Release|Any CPU
		{42BA0BC0-8985-4AD7-A3AB-47BDA8ED5EBF}.Release|iPhone.Build.0 = Release|Any CPU
		{42BA0BC0-8985-4AD7-A3AB-47BDA8ED5EBF}.Release|iPhone.Deploy.0 = Release|Any CPU
		{42BA0BC0-8985-4AD7-A3AB-47BDA8ED5EBF}.Release|iPhoneSimulator.ActiveCfg = Release|Any CPU
		{42BA0BC0-8985-4AD7-A3AB-47BDA8ED5EBF}.Release|iPhoneSimulator.Build.0 = Release|Any CPU
		{42BA0BC0-8985-4AD7-A3AB-47BDA8ED5EBF}.Release|iPhoneSimulator.Deploy.0 = Release|Any CPU
		{42BA0BC0-8985-4AD7-A3AB-47BDA8ED5EBF}.Release|x64.ActiveCfg = Release|Any CPU
		{42BA0BC0-8985-4AD7-A3AB-47BDA8ED5EBF}.Release|x64.Build.0 = Release|Any CPU
		{42BA0BC0-8985-4AD7-A3AB-47BDA8ED5EBF}.Release|x64.Deploy.0 = Release|Any CPU
		{42BA0BC0-8985-4AD7-A3AB-47BDA8ED5EBF}.Release|x86.ActiveCfg = Release|Any CPU
		{42BA0BC0-8985-4AD7-A3AB-47BDA8ED5EBF}.Release|x86.Build.0 = Release|Any CPU
		{42BA0BC0-8985-4AD7-A3AB-47BDA8ED5EBF}.Release|x86.Deploy.0 = Release|Any CPU
		{5893AD95-8C84-4FB6-9663-52EA5769D441}.Debug|Any CPU.ActiveCfg = Debug|iPhoneSimulator
		{5893AD95-8C84-4FB6-9663-52EA5769D441}.Debug|Any CPU.Build.0 = Debug|iPhoneSimulator
		{5893AD95-8C84-4FB6-9663-52EA5769D441}.Debug|Any CPU.Deploy.0 = Debug|iPhoneSimulator
		{5893AD95-8C84-4FB6-9663-52EA5769D441}.Debug|ARM.ActiveCfg = Debug|iPhoneSimulator
		{5893AD95-8C84-4FB6-9663-52EA5769D441}.Debug|ARM.Build.0 = Debug|iPhoneSimulator
		{5893AD95-8C84-4FB6-9663-52EA5769D441}.Debug|ARM.Deploy.0 = Debug|iPhoneSimulator
		{5893AD95-8C84-4FB6-9663-52EA5769D441}.Debug|iPhone.ActiveCfg = Debug|iPhone
		{5893AD95-8C84-4FB6-9663-52EA5769D441}.Debug|iPhone.Build.0 = Debug|iPhone
		{5893AD95-8C84-4FB6-9663-52EA5769D441}.Debug|iPhone.Deploy.0 = Debug|iPhone
		{5893AD95-8C84-4FB6-9663-52EA5769D441}.Debug|iPhoneSimulator.ActiveCfg = Debug|iPhoneSimulator
		{5893AD95-8C84-4FB6-9663-52EA5769D441}.Debug|iPhoneSimulator.Build.0 = Debug|iPhoneSimulator
		{5893AD95-8C84-4FB6-9663-52EA5769D441}.Debug|iPhoneSimulator.Deploy.0 = Debug|iPhoneSimulator
		{5893AD95-8C84-4FB6-9663-52EA5769D441}.Debug|x64.ActiveCfg = Debug|iPhone
		{5893AD95-8C84-4FB6-9663-52EA5769D441}.Debug|x64.Build.0 = Debug|iPhone
		{5893AD95-8C84-4FB6-9663-52EA5769D441}.Debug|x64.Deploy.0 = Debug|iPhone
		{5893AD95-8C84-4FB6-9663-52EA5769D441}.Debug|x86.ActiveCfg = Debug|iPhoneSimulator
		{5893AD95-8C84-4FB6-9663-52EA5769D441}.Debug|x86.Build.0 = Debug|iPhoneSimulator
		{5893AD95-8C84-4FB6-9663-52EA5769D441}.Debug|x86.Deploy.0 = Debug|iPhoneSimulator
		{5893AD95-8C84-4FB6-9663-52EA5769D441}.Release|Any CPU.ActiveCfg = Release|iPhoneSimulator
		{5893AD95-8C84-4FB6-9663-52EA5769D441}.Release|Any CPU.Build.0 = Release|iPhoneSimulator
		{5893AD95-8C84-4FB6-9663-52EA5769D441}.Release|Any CPU.Deploy.0 = Release|iPhoneSimulator
		{5893AD95-8C84-4FB6-9663-52EA5769D441}.Release|ARM.ActiveCfg = Release|iPhoneSimulator
		{5893AD95-8C84-4FB6-9663-52EA5769D441}.Release|ARM.Build.0 = Release|iPhoneSimulator
		{5893AD95-8C84-4FB6-9663-52EA5769D441}.Release|ARM.Deploy.0 = Release|iPhoneSimulator
		{5893AD95-8C84-4FB6-9663-52EA5769D441}.Release|iPhone.ActiveCfg = Release|iPhone
		{5893AD95-8C84-4FB6-9663-52EA5769D441}.Release|iPhone.Build.0 = Release|iPhone
		{5893AD95-8C84-4FB6-9663-52EA5769D441}.Release|iPhone.Deploy.0 = Release|iPhone
		{5893AD95-8C84-4FB6-9663-52EA5769D441}.Release|iPhoneSimulator.ActiveCfg = Release|iPhoneSimulator
		{5893AD95-8C84-4FB6-9663-52EA5769D441}.Release|iPhoneSimulator.Build.0 = Release|iPhoneSimulator
		{5893AD95-8C84-4FB6-9663-52EA5769D441}.Release|iPhoneSimulator.Deploy.0 = Release|iPhoneSimulator
		{5893AD95-8C84-4FB6-9663-52EA5769D441}.Release|x64.ActiveCfg = Release|iPhoneSimulator
		{5893AD95-8C84-4FB6-9663-52EA5769D441}.Release|x64.Build.0 = Release|iPhoneSimulator
		{5893AD95-8C84-4FB6-9663-52EA5769D441}.Release|x64.Deploy.0 = Release|iPhoneSimulator
		{5893AD95-8C84-4FB6-9663-52EA5769D441}.Release|x86.ActiveCfg = Release|iPhoneSimulator
		{5893AD95-8C84-4FB6-9663-52EA5769D441}.Release|x86.Build.0 = Release|iPhoneSimulator
		{5893AD95-8C84-4FB6-9663-52EA5769D441}.Release|x86.Deploy.0 = Release|iPhoneSimulator
		{954983E1-7B74-471C-8E2F-8460F6F333DC}.Debug|Any CPU.ActiveCfg = Debug|Any CPU
		{954983E1-7B74-471C-8E2F-8460F6F333DC}.Debug|Any CPU.Build.0 = Debug|Any CPU
		{954983E1-7B74-471C-8E2F-8460F6F333DC}.Debug|Any CPU.Deploy.0 = Debug|Any CPU
		{954983E1-7B74-471C-8E2F-8460F6F333DC}.Debug|ARM.ActiveCfg = Debug|Any CPU
		{954983E1-7B74-471C-8E2F-8460F6F333DC}.Debug|ARM.Build.0 = Debug|Any CPU
		{954983E1-7B74-471C-8E2F-8460F6F333DC}.Debug|ARM.Deploy.0 = Debug|Any CPU
		{954983E1-7B74-471C-8E2F-8460F6F333DC}.Debug|iPhone.ActiveCfg = Debug|Any CPU
		{954983E1-7B74-471C-8E2F-8460F6F333DC}.Debug|iPhone.Build.0 = Debug|Any CPU
		{954983E1-7B74-471C-8E2F-8460F6F333DC}.Debug|iPhone.Deploy.0 = Debug|Any CPU
		{954983E1-7B74-471C-8E2F-8460F6F333DC}.Debug|iPhoneSimulator.ActiveCfg = Debug|Any CPU
		{954983E1-7B74-471C-8E2F-8460F6F333DC}.Debug|iPhoneSimulator.Build.0 = Debug|Any CPU
		{954983E1-7B74-471C-8E2F-8460F6F333DC}.Debug|iPhoneSimulator.Deploy.0 = Debug|Any CPU
		{954983E1-7B74-471C-8E2F-8460F6F333DC}.Debug|x64.ActiveCfg = Debug|Any CPU
		{954983E1-7B74-471C-8E2F-8460F6F333DC}.Debug|x64.Build.0 = Debug|Any CPU
		{954983E1-7B74-471C-8E2F-8460F6F333DC}.Debug|x64.Deploy.0 = Debug|Any CPU
		{954983E1-7B74-471C-8E2F-8460F6F333DC}.Debug|x86.ActiveCfg = Debug|Any CPU
		{954983E1-7B74-471C-8E2F-8460F6F333DC}.Debug|x86.Build.0 = Debug|Any CPU
		{954983E1-7B74-471C-8E2F-8460F6F333DC}.Debug|x86.Deploy.0 = Debug|Any CPU
		{954983E1-7B74-471C-8E2F-8460F6F333DC}.Release|Any CPU.ActiveCfg = Release|Any CPU
		{954983E1-7B74-471C-8E2F-8460F6F333DC}.Release|Any CPU.Build.0 = Release|Any CPU
		{954983E1-7B74-471C-8E2F-8460F6F333DC}.Release|Any CPU.Deploy.0 = Release|Any CPU
		{954983E1-7B74-471C-8E2F-8460F6F333DC}.Release|ARM.ActiveCfg = Release|Any CPU
		{954983E1-7B74-471C-8E2F-8460F6F333DC}.Release|ARM.Build.0 = Release|Any CPU
		{954983E1-7B74-471C-8E2F-8460F6F333DC}.Release|ARM.Deploy.0 = Release|Any CPU
		{954983E1-7B74-471C-8E2F-8460F6F333DC}.Release|iPhone.ActiveCfg = Release|Any CPU
		{954983E1-7B74-471C-8E2F-8460F6F333DC}.Release|iPhone.Build.0 = Release|Any CPU
		{954983E1-7B74-471C-8E2F-8460F6F333DC}.Release|iPhone.Deploy.0 = Release|Any CPU
		{954983E1-7B74-471C-8E2F-8460F6F333DC}.Release|iPhoneSimulator.ActiveCfg = Release|Any CPU
		{954983E1-7B74-471C-8E2F-8460F6F333DC}.Release|iPhoneSimulator.Build.0 = Release|Any CPU
		{954983E1-7B74-471C-8E2F-8460F6F333DC}.Release|iPhoneSimulator.Deploy.0 = Release|Any CPU
		{954983E1-7B74-471C-8E2F-8460F6F333DC}.Release|x64.ActiveCfg = Release|Any CPU
		{954983E1-7B74-471C-8E2F-8460F6F333DC}.Release|x64.Build.0 = Release|Any CPU
		{954983E1-7B74-471C-8E2F-8460F6F333DC}.Release|x64.Deploy.0 = Release|Any CPU
		{954983E1-7B74-471C-8E2F-8460F6F333DC}.Release|x86.ActiveCfg = Release|Any CPU
		{954983E1-7B74-471C-8E2F-8460F6F333DC}.Release|x86.Build.0 = Release|Any CPU
		{954983E1-7B74-471C-8E2F-8460F6F333DC}.Release|x86.Deploy.0 = Release|Any CPU
	EndGlobalSection
	GlobalSection(SolutionProperties) = preSolution
		HideSolutionNode = FALSE
	EndGlobalSection
	GlobalSection(ExtensibilityGlobals) = postSolution
		SolutionGuid = {05F74E16-61BE-4CC3-846C-587BF51F4237}
	EndGlobalSection
EndGlobal
